
Microsoft Visual Studio Solution File, Format Version 12.00
# Visual Studio Version 17
VisualStudioVersion = 17.9.34607.119
MinimumVisualStudioVersion = 10.0.40219.1
Project("{FAE04EC0-301F-11D3-BF4B-00C04F79EFBC}") = "MutiCmd", "MutiCmd\MutiCmd.csproj", "{07525663-72DE-42E8-8687-CC3142ED0E13}"
EndProject
Global
	GlobalSection(SolutionConfigurationPlatforms) = preSolution
		Debug|Any CPU = Debug|Any CPU
		Release|Any CPU = Release|Any CPU
	EndGlobalSection
	GlobalSection(ProjectConfigurationPlatforms) = postSolution
		{07525663-72DE-42E8-8687-CC3142ED0E13}.Debug|Any CPU.ActiveCfg = Debug|Any CPU
		{07525663-72DE-42E8-8687-CC3142ED0E13}.Debug|Any CPU.Build.0 = Debug|Any CPU
		{07525663-72DE-42E8-8687-CC3142ED0E13}.Release|Any CPU.ActiveCfg = Release|Any CPU
		{07525663-72DE-42E8-8687-CC3142ED0E13}.Release|Any CPU.Build.0 = Release|Any CPU
	EndGlobalSection
	GlobalSection(SolutionProperties) = preSolution
		HideSolutionNode = FALSE
	EndGlobalSection
	GlobalSection(ExtensibilityGlobals) = postSolution
		SolutionGuid = {00E1D04A-14DF-4972-A747-0FF5F4CB94CA}
	EndGlobalSection
EndGlobal
